
Microsoft Visual Studio Solution File, Format Version 12.00
# Visual Studio 15
VisualStudioVersion = 15.0.26124.0
MinimumVisualStudioVersion = 15.0.26124.0
Project("{FAE04EC0-301F-11D3-BF4B-00C04F79EFBC}") = "CopaFilmes", "CopaFilmes\CopaFilmes.csproj", "{A56E53B0-924C-41E3-9F81-D61F199C166A}"
EndProject
Project("{FAE04EC0-301F-11D3-BF4B-00C04F79EFBC}") = "CopaFilmes.Test", "CopaFilmes.Test\CopaFilmes.Test.csproj", "{32D1B1BD-7195-4DF4-A7DC-01D2C472B9CF}"
EndProject
Global
	GlobalSection(SolutionConfigurationPlatforms) = preSolution
		Debug|Any CPU = Debug|Any CPU
		Debug|x64 = Debug|x64
		Debug|x86 = Debug|x86
		Release|Any CPU = Release|Any CPU
		Release|x64 = Release|x64
		Release|x86 = Release|x86
	EndGlobalSection
	GlobalSection(SolutionProperties) = preSolution
		HideSolutionNode = FALSE
	EndGlobalSection
	GlobalSection(ProjectConfigurationPlatforms) = postSolution
		{A56E53B0-924C-41E3-9F81-D61F199C166A}.Debug|Any CPU.ActiveCfg = Debug|Any CPU
		{A56E53B0-924C-41E3-9F81-D61F199C166A}.Debug|Any CPU.Build.0 = Debug|Any CPU
		{A56E53B0-924C-41E3-9F81-D61F199C166A}.Debug|x64.ActiveCfg = Debug|Any CPU
		{A56E53B0-924C-41E3-9F81-D61F199C166A}.Debug|x64.Build.0 = Debug|Any CPU
		{A56E53B0-924C-41E3-9F81-D61F199C166A}.Debug|x86.ActiveCfg = Debug|Any CPU
		{A56E53B0-924C-41E3-9F81-D61F199C166A}.Debug|x86.Build.0 = Debug|Any CPU
		{A56E53B0-924C-41E3-9F81-D61F199C166A}.Release|Any CPU.ActiveCfg = Release|Any CPU
		{A56E53B0-924C-41E3-9F81-D61F199C166A}.Release|Any CPU.Build.0 = Release|Any CPU
		{A56E53B0-924C-41E3-9F81-D61F199C166A}.Release|x64.ActiveCfg = Release|Any CPU
		{A56E53B0-924C-41E3-9F81-D61F199C166A}.Release|x64.Build.0 = Release|Any CPU
		{A56E53B0-924C-41E3-9F81-D61F199C166A}.Release|x86.ActiveCfg = Release|Any CPU
		{A56E53B0-924C-41E3-9F81-D61F199C166A}.Release|x86.Build.0 = Release|Any CPU
		{32D1B1BD-7195-4DF4-A7DC-01D2C472B9CF}.Debug|Any CPU.ActiveCfg = Debug|Any CPU
		{32D1B1BD-7195-4DF4-A7DC-01D2C472B9CF}.Debug|Any CPU.Build.0 = Debug|Any CPU
		{32D1B1BD-7195-4DF4-A7DC-01D2C472B9CF}.Debug|x64.ActiveCfg = Debug|Any CPU
		{32D1B1BD-7195-4DF4-A7DC-01D2C472B9CF}.Debug|x64.Build.0 = Debug|Any CPU
		{32D1B1BD-7195-4DF4-A7DC-01D2C472B9CF}.Debug|x86.ActiveCfg = Debug|Any CPU
		{32D1B1BD-7195-4DF4-A7DC-01D2C472B9CF}.Debug|x86.Build.0 = Debug|Any CPU
		{32D1B1BD-7195-4DF4-A7DC-01D2C472B9CF}.Release|Any CPU.ActiveCfg = Release|Any CPU
		{32D1B1BD-7195-4DF4-A7DC-01D2C472B9CF}.Release|Any CPU.Build.0 = Release|Any CPU
		{32D1B1BD-7195-4DF4-A7DC-01D2C472B9CF}.Release|x64.ActiveCfg = Release|Any CPU
		{32D1B1BD-7195-4DF4-A7DC-01D2C472B9CF}.Release|x64.Build.0 = Release|Any CPU
		{32D1B1BD-7195-4DF4-A7DC-01D2C472B9CF}.Release|x86.ActiveCfg = Release|Any CPU
		{32D1B1BD-7195-4DF4-A7DC-01D2C472B9CF}.Release|x86.Build.0 = Release|Any CPU
	EndGlobalSection
EndGlobal
